
Microsoft Visual Studio Solution File, Format Version 12.00
# Visual Studio 2012
Project("{FAE04EC0-301F-11D3-BF4B-00C04F79EFBC}") = "DevUtils", "DevUtils\DevUtils.csproj", "{BBEFF647-284B-45BD-AAC4-70D20BE59AF0}"
EndProject
Project("{2150E333-8FDC-42A3-9474-1A3956D46DE8}") = "UtilModules", "UtilModules", "{35929C14-6517-4FF9-9119-F58847F250B8}"
EndProject
Project("{2150E333-8FDC-42A3-9474-1A3956D46DE8}") = "Common", "Common", "{ADAE9884-6801-45DD-8B90-57D7D7D3658D}"
EndProject
Project("{FAE04EC0-301F-11D3-BF4B-00C04F79EFBC}") = "Theme", "Common\Theme\Theme.csproj", "{12D80FEE-9832-44C6-BFC0-F7702175742B}"
EndProject
Project("{FAE04EC0-301F-11D3-BF4B-00C04F79EFBC}") = "Utils", "Common\Utils\Utils.csproj", "{FE016C9A-53BF-4583-837C-A343EE3D8366}"
EndProject
Project("{FAE04EC0-301F-11D3-BF4B-00C04F79EFBC}") = "ColorPix", "UtilModules\ColorPix\ColorPix.csproj", "{C6151089-6D36-4DBE-BD8D-C42971DC96A4}"
EndProject
Project("{FAE04EC0-301F-11D3-BF4B-00C04F79EFBC}") = "RegexTester", "UtilModules\RegexTester\RegexTester.csproj", "{D30E01EF-0939-4962-B952-D73B6821C1C3}"
EndProject
Project("{2150E333-8FDC-42A3-9474-1A3956D46DE8}") = "AppModules", "AppModules", "{11C7F8E7-0B48-45E6-AA97-979B64706102}"
EndProject
Project("{FAE04EC0-301F-11D3-BF4B-00C04F79EFBC}") = "Setting", "AppModules\Setting\Setting.csproj", "{67E8FEF1-79EC-4C5A-9E18-D4053CAFE3D9}"
EndProject
Project("{FAE04EC0-301F-11D3-BF4B-00C04F79EFBC}") = "UtilManager", "AppModules\UtilManager\UtilManager.csproj", "{655AA74B-B59C-4AFA-84A8-FBFB2712843E}"
EndProject
Global
	GlobalSection(SolutionConfigurationPlatforms) = preSolution
		Debug|Any CPU = Debug|Any CPU
		Release|Any CPU = Release|Any CPU
	EndGlobalSection
	GlobalSection(ProjectConfigurationPlatforms) = postSolution
		{BBEFF647-284B-45BD-AAC4-70D20BE59AF0}.Debug|Any CPU.ActiveCfg = Debug|Any CPU
		{BBEFF647-284B-45BD-AAC4-70D20BE59AF0}.Debug|Any CPU.Build.0 = Debug|Any CPU
		{BBEFF647-284B-45BD-AAC4-70D20BE59AF0}.Release|Any CPU.ActiveCfg = Release|Any CPU
		{BBEFF647-284B-45BD-AAC4-70D20BE59AF0}.Release|Any CPU.Build.0 = Release|Any CPU
		{12D80FEE-9832-44C6-BFC0-F7702175742B}.Debug|Any CPU.ActiveCfg = Debug|Any CPU
		{12D80FEE-9832-44C6-BFC0-F7702175742B}.Debug|Any CPU.Build.0 = Debug|Any CPU
		{12D80FEE-9832-44C6-BFC0-F7702175742B}.Release|Any CPU.ActiveCfg = Release|Any CPU
		{12D80FEE-9832-44C6-BFC0-F7702175742B}.Release|Any CPU.Build.0 = Release|Any CPU
		{FE016C9A-53BF-4583-837C-A343EE3D8366}.Debug|Any CPU.ActiveCfg = Debug|Any CPU
		{FE016C9A-53BF-4583-837C-A343EE3D8366}.Debug|Any CPU.Build.0 = Debug|Any CPU
		{FE016C9A-53BF-4583-837C-A343EE3D8366}.Release|Any CPU.ActiveCfg = Release|Any CPU
		{FE016C9A-53BF-4583-837C-A343EE3D8366}.Release|Any CPU.Build.0 = Release|Any CPU
		{C6151089-6D36-4DBE-BD8D-C42971DC96A4}.Debug|Any CPU.ActiveCfg = Debug|Any CPU
		{C6151089-6D36-4DBE-BD8D-C42971DC96A4}.Debug|Any CPU.Build.0 = Debug|Any CPU
		{C6151089-6D36-4DBE-BD8D-C42971DC96A4}.Release|Any CPU.ActiveCfg = Release|Any CPU
		{C6151089-6D36-4DBE-BD8D-C42971DC96A4}.Release|Any CPU.Build.0 = Release|Any CPU
		{D30E01EF-0939-4962-B952-D73B6821C1C3}.Debug|Any CPU.ActiveCfg = Debug|Any CPU
		{D30E01EF-0939-4962-B952-D73B6821C1C3}.Debug|Any CPU.Build.0 = Debug|Any CPU
		{D30E01EF-0939-4962-B952-D73B6821C1C3}.Release|Any CPU.ActiveCfg = Release|Any CPU
		{D30E01EF-0939-4962-B952-D73B6821C1C3}.Release|Any CPU.Build.0 = Release|Any CPU
		{67E8FEF1-79EC-4C5A-9E18-D4053CAFE3D9}.Debug|Any CPU.ActiveCfg = Debug|Any CPU
		{67E8FEF1-79EC-4C5A-9E18-D4053CAFE3D9}.Debug|Any CPU.Build.0 = Debug|Any CPU
		{67E8FEF1-79EC-4C5A-9E18-D4053CAFE3D9}.Release|Any CPU.ActiveCfg = Release|Any CPU
		{67E8FEF1-79EC-4C5A-9E18-D4053CAFE3D9}.Release|Any CPU.Build.0 = Release|Any CPU
		{655AA74B-B59C-4AFA-84A8-FBFB2712843E}.Debug|Any CPU.ActiveCfg = Debug|Any CPU
		{655AA74B-B59C-4AFA-84A8-FBFB2712843E}.Debug|Any CPU.Build.0 = Debug|Any CPU
		{655AA74B-B59C-4AFA-84A8-FBFB2712843E}.Release|Any CPU.ActiveCfg = Release|Any CPU
		{655AA74B-B59C-4AFA-84A8-FBFB2712843E}.Release|Any CPU.Build.0 = Release|Any CPU
	EndGlobalSection
	GlobalSection(SolutionProperties) = preSolution
		HideSolutionNode = FALSE
	EndGlobalSection
	GlobalSection(NestedProjects) = preSolution
		{C6151089-6D36-4DBE-BD8D-C42971DC96A4} = {35929C14-6517-4FF9-9119-F58847F250B8}
		{D30E01EF-0939-4962-B952-D73B6821C1C3} = {35929C14-6517-4FF9-9119-F58847F250B8}
		{12D80FEE-9832-44C6-BFC0-F7702175742B} = {ADAE9884-6801-45DD-8B90-57D7D7D3658D}
		{FE016C9A-53BF-4583-837C-A343EE3D8366} = {ADAE9884-6801-45DD-8B90-57D7D7D3658D}
		{67E8FEF1-79EC-4C5A-9E18-D4053CAFE3D9} = {11C7F8E7-0B48-45E6-AA97-979B64706102}
		{655AA74B-B59C-4AFA-84A8-FBFB2712843E} = {11C7F8E7-0B48-45E6-AA97-979B64706102}
	EndGlobalSection
EndGlobal
